<?xml version="1.0" encoding="UTF-8" standalone="yes" ?>
<CodeBlocks_project_file>
	<FileVersion major="1" minor="6" />
	<Project>
		<Option title="MultiArp" />
		<Option pch_mode="2" />
		<Option compiler="gcc" />
		<Build>
			<Target title="Debug">
				<Option output="bin/Debug/MultiArp" prefix_auto="1" extension_auto="1" />
				<Option object_output="obj/Debug/" />
				<Option type="1" />
				<Option compiler="gcc" />
				<Compiler>
					<Add option="-g" />
					<Add option="-DDEBUG" />
				</Compiler>
			</Target>
			<Target title="Release">
				<Option output="bin/Release/MultiArp" prefix_auto="1" extension_auto="1" />
				<Option object_output="obj/Release/" />
				<Option type="1" />
				<Option compiler="gcc" />
				<Option parameters="This is -midi=6 the -step=4 title -midi=nonsense -midi=-7 -step=4.05 -step= -midi= -step=nonsense -step=0" />
				<Compiler>
					<Add option="-O2" />
				</Compiler>
				<Linker>
					<Add option="-s" />
				</Linker>
			</Target>
		</Build>
		<Compiler>
			<Add option="-Wall" />
			<Add option="-fexceptions" />
			<Add directory="../rtmidi-2.1.1" />
			<Add directory="../github/link/include" />
			<Add directory="../github/link/modules/asio-standalone/asio/include" />
		</Compiler>
		<Linker>
			<Add option="-pthread" />
			<Add option="-lncurses" />
			<Add option="-lpanel" />
			<Add library="../rtmidi-2.1.1/.libs/librtmidi.so" />
			<Add library="libasound.a" />
		</Linker>
		<Unit filename="Test Files/More Test Data.txt" />
		<Unit filename="Test Files/Nice Clips, Autumn 2017.txt" />
		<Unit filename="Test Files/Note List Test Data.txt" />
		<Unit filename="Test Files/Shades of Blue and Yellow, extended.txt" />
		<Unit filename="Test Files/Shades of Blue and Yellow, extendedtxt" />
		<Unit filename="Test Files/Shades of Blue and Yellow.txt" />
		<Unit filename="Test Files/setup-shades.sh" />
		<Unit filename="maAlsaSequencer.cpp" />
		<Unit filename="maAlsaSequencer.h" />
		<Unit filename="maAlsaSequencerQueue.cpp" />
		<Unit filename="maAlsaSequencerQueue.h" />
		<Unit filename="maChainLink.cpp" />
		<Unit filename="maChainLink.h" />
		<Unit filename="maCommand.cpp" />
		<Unit filename="maCommand.h" />
		<Unit filename="maCursorKeys.cpp" />
		<Unit filename="maCursorKeys.h" />
		<Unit filename="maFeelMap.cpp" />
		<Unit filename="maFeelMap.h" />
		<Unit filename="maListBuilder.cpp" />
		<Unit filename="maListBuilder.h" />
		<Unit filename="maNotes.cpp" />
		<Unit filename="maNotes.h" />
		<Unit filename="maPattern.cpp" />
		<Unit filename="maPattern.h" />
		<Unit filename="maPatternStore.cpp" />
		<Unit filename="maPatternStore.h" />
		<Unit filename="maScreen.cpp" />
		<Unit filename="maScreen.h" />
		<Unit filename="maState.cpp" />
		<Unit filename="maState.h" />
		<Unit filename="maTranslateTable.cpp" />
		<Unit filename="maTranslateTable.h" />
		<Unit filename="maUnnecessary.cpp" />
		<Unit filename="maUtility.cpp" />
		<Unit filename="maUtility.h" />
		<Unit filename="multi_arp.cpp" />
		<Unit filename="notelist.hpp" />
		<Extensions>
			<code_completion />
			<debugger />
			<envvars />
		</Extensions>
	</Project>
</CodeBlocks_project_file>
